
Microsoft Visual Studio Solution File, Format Version 12.00
# Visual Studio Version 16
VisualStudioVersion = 16.0.31129.286
MinimumVisualStudioVersion = 10.0.40219.1
Project("{FAE04EC0-301F-11D3-BF4B-00C04F79EFBC}") = "Midterm 3", "Midterm 3\Midterm 3.csproj", "{224244A9-5CDB-48E5-AF11-92FC9D8A5407}"
EndProject
Global
	GlobalSection(SolutionConfigurationPlatforms) = preSolution
		Debug|Any CPU = Debug|Any CPU
		Release|Any CPU = Release|Any CPU
	EndGlobalSection
	GlobalSection(ProjectConfigurationPlatforms) = postSolution
		{224244A9-5CDB-48E5-AF11-92FC9D8A5407}.Debug|Any CPU.ActiveCfg = Debug|Any CPU
		{224244A9-5CDB-48E5-AF11-92FC9D8A5407}.Debug|Any CPU.Build.0 = Debug|Any CPU
		{224244A9-5CDB-48E5-AF11-92FC9D8A5407}.Release|Any CPU.ActiveCfg = Release|Any CPU
		{224244A9-5CDB-48E5-AF11-92FC9D8A5407}.Release|Any CPU.Build.0 = Release|Any CPU
	EndGlobalSection
	GlobalSection(SolutionProperties) = preSolution
		HideSolutionNode = FALSE
	EndGlobalSection
	GlobalSection(ExtensibilityGlobals) = postSolution
		SolutionGuid = {D5F57B98-8DD2-4319-BBBF-3B6D1E7A6BDE}
	EndGlobalSection
EndGlobal
