
Microsoft Visual Studio Solution File, Format Version 12.00
# Visual Studio Version 16
VisualStudioVersion = 16.0.31005.135
MinimumVisualStudioVersion = 10.0.40219.1
Project("{FAE04EC0-301F-11D3-BF4B-00C04F79EFBC}") = "Week6Class", "Week6Class\Week6Class.csproj", "{A50F94D0-881C-4030-8D4B-87FDC35D6134}"
EndProject
Global
	GlobalSection(SolutionConfigurationPlatforms) = preSolution
		Debug|Any CPU = Debug|Any CPU
		Release|Any CPU = Release|Any CPU
	EndGlobalSection
	GlobalSection(ProjectConfigurationPlatforms) = postSolution
		{A50F94D0-881C-4030-8D4B-87FDC35D6134}.Debug|Any CPU.ActiveCfg = Debug|Any CPU
		{A50F94D0-881C-4030-8D4B-87FDC35D6134}.Debug|Any CPU.Build.0 = Debug|Any CPU
		{A50F94D0-881C-4030-8D4B-87FDC35D6134}.Release|Any CPU.ActiveCfg = Release|Any CPU
		{A50F94D0-881C-4030-8D4B-87FDC35D6134}.Release|Any CPU.Build.0 = Release|Any CPU
	EndGlobalSection
	GlobalSection(SolutionProperties) = preSolution
		HideSolutionNode = FALSE
	EndGlobalSection
	GlobalSection(ExtensibilityGlobals) = postSolution
		SolutionGuid = {F55531D4-9AAE-4E5C-ACA7-2CFE42F6F24A}
	EndGlobalSection
EndGlobal
