
Microsoft Visual Studio Solution File, Format Version 12.00
# Visual Studio Version 16
VisualStudioVersion = 16.0.31129.286
MinimumVisualStudioVersion = 10.0.40219.1
Project("{FAE04EC0-301F-11D3-BF4B-00C04F79EFBC}") = "Homework 5 Array", "Homework 5 Array\Homework 5 Array.csproj", "{11B14F9D-4EAC-45D4-81A1-0522684A7F1E}"
EndProject
Global
	GlobalSection(SolutionConfigurationPlatforms) = preSolution
		Debug|Any CPU = Debug|Any CPU
		Release|Any CPU = Release|Any CPU
	EndGlobalSection
	GlobalSection(ProjectConfigurationPlatforms) = postSolution
		{11B14F9D-4EAC-45D4-81A1-0522684A7F1E}.Debug|Any CPU.ActiveCfg = Debug|Any CPU
		{11B14F9D-4EAC-45D4-81A1-0522684A7F1E}.Debug|Any CPU.Build.0 = Debug|Any CPU
		{11B14F9D-4EAC-45D4-81A1-0522684A7F1E}.Release|Any CPU.ActiveCfg = Release|Any CPU
		{11B14F9D-4EAC-45D4-81A1-0522684A7F1E}.Release|Any CPU.Build.0 = Release|Any CPU
	EndGlobalSection
	GlobalSection(SolutionProperties) = preSolution
		HideSolutionNode = FALSE
	EndGlobalSection
	GlobalSection(ExtensibilityGlobals) = postSolution
		SolutionGuid = {103E008B-BF79-4BC8-84CC-6B9F9E0CCD63}
	EndGlobalSection
EndGlobal
