
Microsoft Visual Studio Solution File, Format Version 12.00
# Visual Studio Version 16
VisualStudioVersion = 16.0.31605.320
MinimumVisualStudioVersion = 10.0.40219.1
Project("{FAE04EC0-301F-11D3-BF4B-00C04F79EFBC}") = "Quiz1", "Quiz1\Quiz1.csproj", "{B2D215D9-FAAB-4311-A42D-AEF6DE00A090}"
EndProject
Global
	GlobalSection(SolutionConfigurationPlatforms) = preSolution
		Debug|Any CPU = Debug|Any CPU
		Release|Any CPU = Release|Any CPU
	EndGlobalSection
	GlobalSection(ProjectConfigurationPlatforms) = postSolution
		{B2D215D9-FAAB-4311-A42D-AEF6DE00A090}.Debug|Any CPU.ActiveCfg = Debug|Any CPU
		{B2D215D9-FAAB-4311-A42D-AEF6DE00A090}.Debug|Any CPU.Build.0 = Debug|Any CPU
		{B2D215D9-FAAB-4311-A42D-AEF6DE00A090}.Release|Any CPU.ActiveCfg = Release|Any CPU
		{B2D215D9-FAAB-4311-A42D-AEF6DE00A090}.Release|Any CPU.Build.0 = Release|Any CPU
	EndGlobalSection
	GlobalSection(SolutionProperties) = preSolution
		HideSolutionNode = FALSE
	EndGlobalSection
	GlobalSection(ExtensibilityGlobals) = postSolution
		SolutionGuid = {FCBD7CF2-1C2C-4C0A-8711-8AE079C24510}
	EndGlobalSection
EndGlobal
