
Microsoft Visual Studio Solution File, Format Version 12.00
# Visual Studio Version 16
VisualStudioVersion = 16.0.31005.135
MinimumVisualStudioVersion = 10.0.40219.1
Project("{FAE04EC0-301F-11D3-BF4B-00C04F79EFBC}") = "week10", "week10\week10.csproj", "{9F7DC294-9051-4572-9A38-824AE9C07ACE}"
EndProject
Global
	GlobalSection(SolutionConfigurationPlatforms) = preSolution
		Debug|Any CPU = Debug|Any CPU
		Release|Any CPU = Release|Any CPU
	EndGlobalSection
	GlobalSection(ProjectConfigurationPlatforms) = postSolution
		{9F7DC294-9051-4572-9A38-824AE9C07ACE}.Debug|Any CPU.ActiveCfg = Debug|Any CPU
		{9F7DC294-9051-4572-9A38-824AE9C07ACE}.Debug|Any CPU.Build.0 = Debug|Any CPU
		{9F7DC294-9051-4572-9A38-824AE9C07ACE}.Release|Any CPU.ActiveCfg = Release|Any CPU
		{9F7DC294-9051-4572-9A38-824AE9C07ACE}.Release|Any CPU.Build.0 = Release|Any CPU
	EndGlobalSection
	GlobalSection(SolutionProperties) = preSolution
		HideSolutionNode = FALSE
	EndGlobalSection
	GlobalSection(ExtensibilityGlobals) = postSolution
		SolutionGuid = {16E48C5A-C330-4524-94C7-7F275980EFFE}
	EndGlobalSection
EndGlobal
