
Microsoft Visual Studio Solution File, Format Version 12.00
# Visual Studio Version 16
VisualStudioVersion = 16.0.31129.286
MinimumVisualStudioVersion = 10.0.40219.1
Project("{FAE04EC0-301F-11D3-BF4B-00C04F79EFBC}") = "Midterm 4", "Midterm 4\Midterm 4.csproj", "{C864545C-E586-4C28-8778-F05C62F50442}"
EndProject
Global
	GlobalSection(SolutionConfigurationPlatforms) = preSolution
		Debug|Any CPU = Debug|Any CPU
		Release|Any CPU = Release|Any CPU
	EndGlobalSection
	GlobalSection(ProjectConfigurationPlatforms) = postSolution
		{C864545C-E586-4C28-8778-F05C62F50442}.Debug|Any CPU.ActiveCfg = Debug|Any CPU
		{C864545C-E586-4C28-8778-F05C62F50442}.Debug|Any CPU.Build.0 = Debug|Any CPU
		{C864545C-E586-4C28-8778-F05C62F50442}.Release|Any CPU.ActiveCfg = Release|Any CPU
		{C864545C-E586-4C28-8778-F05C62F50442}.Release|Any CPU.Build.0 = Release|Any CPU
	EndGlobalSection
	GlobalSection(SolutionProperties) = preSolution
		HideSolutionNode = FALSE
	EndGlobalSection
	GlobalSection(ExtensibilityGlobals) = postSolution
		SolutionGuid = {AFE9A114-B2E3-4769-B239-05106EC0F1AD}
	EndGlobalSection
EndGlobal
