
Microsoft Visual Studio Solution File, Format Version 12.00
# Visual Studio Version 16
VisualStudioVersion = 16.0.30804.86
MinimumVisualStudioVersion = 10.0.40219.1
Project("{FAE04EC0-301F-11D3-BF4B-00C04F79EFBC}") = "test2", "test2\test2.csproj", "{BC779BAE-9ADA-4823-9BFB-90872179786C}"
EndProject
Global
	GlobalSection(SolutionConfigurationPlatforms) = preSolution
		Debug|Any CPU = Debug|Any CPU
		Release|Any CPU = Release|Any CPU
	EndGlobalSection
	GlobalSection(ProjectConfigurationPlatforms) = postSolution
		{BC779BAE-9ADA-4823-9BFB-90872179786C}.Debug|Any CPU.ActiveCfg = Debug|Any CPU
		{BC779BAE-9ADA-4823-9BFB-90872179786C}.Debug|Any CPU.Build.0 = Debug|Any CPU
		{BC779BAE-9ADA-4823-9BFB-90872179786C}.Release|Any CPU.ActiveCfg = Release|Any CPU
		{BC779BAE-9ADA-4823-9BFB-90872179786C}.Release|Any CPU.Build.0 = Release|Any CPU
	EndGlobalSection
	GlobalSection(SolutionProperties) = preSolution
		HideSolutionNode = FALSE
	EndGlobalSection
	GlobalSection(ExtensibilityGlobals) = postSolution
		SolutionGuid = {83D4058A-1938-4E7B-8545-B41CA7B91E0D}
	EndGlobalSection
EndGlobal
