
Microsoft Visual Studio Solution File, Format Version 12.00
# Visual Studio Version 16
VisualStudioVersion = 16.0.31129.286
MinimumVisualStudioVersion = 10.0.40219.1
Project("{FAE04EC0-301F-11D3-BF4B-00C04F79EFBC}") = "Homework week6_No2", "Homework week6_No2\Homework week6_No2.csproj", "{F178E994-03A5-49C1-A017-A84CF8A89295}"
EndProject
Global
	GlobalSection(SolutionConfigurationPlatforms) = preSolution
		Debug|Any CPU = Debug|Any CPU
		Release|Any CPU = Release|Any CPU
	EndGlobalSection
	GlobalSection(ProjectConfigurationPlatforms) = postSolution
		{F178E994-03A5-49C1-A017-A84CF8A89295}.Debug|Any CPU.ActiveCfg = Debug|Any CPU
		{F178E994-03A5-49C1-A017-A84CF8A89295}.Debug|Any CPU.Build.0 = Debug|Any CPU
		{F178E994-03A5-49C1-A017-A84CF8A89295}.Release|Any CPU.ActiveCfg = Release|Any CPU
		{F178E994-03A5-49C1-A017-A84CF8A89295}.Release|Any CPU.Build.0 = Release|Any CPU
	EndGlobalSection
	GlobalSection(SolutionProperties) = preSolution
		HideSolutionNode = FALSE
	EndGlobalSection
	GlobalSection(ExtensibilityGlobals) = postSolution
		SolutionGuid = {460510ED-2CD0-468D-BB4A-1155192B7529}
	EndGlobalSection
EndGlobal
