
Microsoft Visual Studio Solution File, Format Version 12.00
# Visual Studio Version 16
VisualStudioVersion = 16.0.31129.286
MinimumVisualStudioVersion = 10.0.40219.1
Project("{FAE04EC0-301F-11D3-BF4B-00C04F79EFBC}") = "DNA Replication", "DNA Replication\DNA Replication.csproj", "{D8EACBAB-1BF2-4990-91A0-989A656F61D6}"
EndProject
Global
	GlobalSection(SolutionConfigurationPlatforms) = preSolution
		Debug|Any CPU = Debug|Any CPU
		Release|Any CPU = Release|Any CPU
	EndGlobalSection
	GlobalSection(ProjectConfigurationPlatforms) = postSolution
		{D8EACBAB-1BF2-4990-91A0-989A656F61D6}.Debug|Any CPU.ActiveCfg = Debug|Any CPU
		{D8EACBAB-1BF2-4990-91A0-989A656F61D6}.Debug|Any CPU.Build.0 = Debug|Any CPU
		{D8EACBAB-1BF2-4990-91A0-989A656F61D6}.Release|Any CPU.ActiveCfg = Release|Any CPU
		{D8EACBAB-1BF2-4990-91A0-989A656F61D6}.Release|Any CPU.Build.0 = Release|Any CPU
	EndGlobalSection
	GlobalSection(SolutionProperties) = preSolution
		HideSolutionNode = FALSE
	EndGlobalSection
	GlobalSection(ExtensibilityGlobals) = postSolution
		SolutionGuid = {BE42AD8C-A96E-49FA-91A7-6E15A12F92AB}
	EndGlobalSection
EndGlobal
