
Microsoft Visual Studio Solution File, Format Version 12.00
# Visual Studio Version 16
VisualStudioVersion = 16.0.31605.320
MinimumVisualStudioVersion = 10.0.40219.1
Project("{FAE04EC0-301F-11D3-BF4B-00C04F79EFBC}") = "Class_sesion1", "Class_sesion1\Class_sesion1.csproj", "{21DCF24A-DEEF-4ED5-9477-76B533BDC090}"
EndProject
Global
	GlobalSection(SolutionConfigurationPlatforms) = preSolution
		Debug|Any CPU = Debug|Any CPU
		Release|Any CPU = Release|Any CPU
	EndGlobalSection
	GlobalSection(ProjectConfigurationPlatforms) = postSolution
		{21DCF24A-DEEF-4ED5-9477-76B533BDC090}.Debug|Any CPU.ActiveCfg = Debug|Any CPU
		{21DCF24A-DEEF-4ED5-9477-76B533BDC090}.Debug|Any CPU.Build.0 = Debug|Any CPU
		{21DCF24A-DEEF-4ED5-9477-76B533BDC090}.Release|Any CPU.ActiveCfg = Release|Any CPU
		{21DCF24A-DEEF-4ED5-9477-76B533BDC090}.Release|Any CPU.Build.0 = Release|Any CPU
	EndGlobalSection
	GlobalSection(SolutionProperties) = preSolution
		HideSolutionNode = FALSE
	EndGlobalSection
	GlobalSection(ExtensibilityGlobals) = postSolution
		SolutionGuid = {6828C771-1C5D-49E4-B78E-9C1C229F72EE}
	EndGlobalSection
EndGlobal
