
Microsoft Visual Studio Solution File, Format Version 12.00
# Visual Studio Version 16
VisualStudioVersion = 16.0.30907.101
MinimumVisualStudioVersion = 10.0.40219.1
Project("{FAE04EC0-301F-11D3-BF4B-00C04F79EFBC}") = "ConsoleApp6", "ConsoleApp6\ConsoleApp6.csproj", "{D2587AA7-6916-4C13-9744-BF3FCA3F8052}"
EndProject
Global
	GlobalSection(SolutionConfigurationPlatforms) = preSolution
		Debug|Any CPU = Debug|Any CPU
		Release|Any CPU = Release|Any CPU
	EndGlobalSection
	GlobalSection(ProjectConfigurationPlatforms) = postSolution
		{D2587AA7-6916-4C13-9744-BF3FCA3F8052}.Debug|Any CPU.ActiveCfg = Debug|Any CPU
		{D2587AA7-6916-4C13-9744-BF3FCA3F8052}.Debug|Any CPU.Build.0 = Debug|Any CPU
		{D2587AA7-6916-4C13-9744-BF3FCA3F8052}.Release|Any CPU.ActiveCfg = Release|Any CPU
		{D2587AA7-6916-4C13-9744-BF3FCA3F8052}.Release|Any CPU.Build.0 = Release|Any CPU
	EndGlobalSection
	GlobalSection(SolutionProperties) = preSolution
		HideSolutionNode = FALSE
	EndGlobalSection
	GlobalSection(ExtensibilityGlobals) = postSolution
		SolutionGuid = {6D602061-8EB4-4E9C-AF4C-A15D47A818BD}
	EndGlobalSection
EndGlobal
