
Microsoft Visual Studio Solution File, Format Version 12.00
# Visual Studio Version 16
VisualStudioVersion = 16.0.31005.135
MinimumVisualStudioVersion = 10.0.40219.1
Project("{FAE04EC0-301F-11D3-BF4B-00C04F79EFBC}") = "midterm", "midterm\midterm.csproj", "{45B5F002-F1C6-41D6-A348-D8B9C3668692}"
EndProject
Global
	GlobalSection(SolutionConfigurationPlatforms) = preSolution
		Debug|Any CPU = Debug|Any CPU
		Release|Any CPU = Release|Any CPU
	EndGlobalSection
	GlobalSection(ProjectConfigurationPlatforms) = postSolution
		{45B5F002-F1C6-41D6-A348-D8B9C3668692}.Debug|Any CPU.ActiveCfg = Debug|Any CPU
		{45B5F002-F1C6-41D6-A348-D8B9C3668692}.Debug|Any CPU.Build.0 = Debug|Any CPU
		{45B5F002-F1C6-41D6-A348-D8B9C3668692}.Release|Any CPU.ActiveCfg = Release|Any CPU
		{45B5F002-F1C6-41D6-A348-D8B9C3668692}.Release|Any CPU.Build.0 = Release|Any CPU
	EndGlobalSection
	GlobalSection(SolutionProperties) = preSolution
		HideSolutionNode = FALSE
	EndGlobalSection
	GlobalSection(ExtensibilityGlobals) = postSolution
		SolutionGuid = {54FD0E44-EEA9-45A4-84C4-A69B3A4B84CE}
	EndGlobalSection
EndGlobal
