
Microsoft Visual Studio Solution File, Format Version 12.00
# Visual Studio Version 16
VisualStudioVersion = 16.0.31005.135
MinimumVisualStudioVersion = 10.0.40219.1
Project("{FAE04EC0-301F-11D3-BF4B-00C04F79EFBC}") = "The Nim", "The Nim\The Nim.csproj", "{768E95FF-2020-4559-946D-70EBC13B67EB}"
EndProject
Global
	GlobalSection(SolutionConfigurationPlatforms) = preSolution
		Debug|Any CPU = Debug|Any CPU
		Release|Any CPU = Release|Any CPU
	EndGlobalSection
	GlobalSection(ProjectConfigurationPlatforms) = postSolution
		{768E95FF-2020-4559-946D-70EBC13B67EB}.Debug|Any CPU.ActiveCfg = Debug|Any CPU
		{768E95FF-2020-4559-946D-70EBC13B67EB}.Debug|Any CPU.Build.0 = Debug|Any CPU
		{768E95FF-2020-4559-946D-70EBC13B67EB}.Release|Any CPU.ActiveCfg = Release|Any CPU
		{768E95FF-2020-4559-946D-70EBC13B67EB}.Release|Any CPU.Build.0 = Release|Any CPU
	EndGlobalSection
	GlobalSection(SolutionProperties) = preSolution
		HideSolutionNode = FALSE
	EndGlobalSection
	GlobalSection(ExtensibilityGlobals) = postSolution
		SolutionGuid = {2CB756B7-0E87-4923-98E1-85703BA62620}
	EndGlobalSection
EndGlobal
